github.com/monopole/goplay/apple/v2 v2.0.0 h1:PHKZu9+AHy9xos7WqxnyFB8+HXTS/ThuIPVG8DN2S+M=
github.com/monopole/goplay/apple/v2 v2.0.0/go.mod h1:9KPqDDvwKuOAuVOFDauYRVv/4SPO9hxOe29KohGdzrI=
github.com/monopole/goplay/banana v1.0.0 h1:ce5kADbj87/KPmF6fpYH0Pr4VvbCI4DPekZt5sqQq4w=
github.com/monopole/goplay/banana v1.0.0/go.mod h1:771yVgEZVpxNcghyPobgv4wlwyZZ0H2olw2uZrvJCz4=
